
Microsoft Visual Studio Solution File, Format Version 12.00
# Visual Studio Version 17
VisualStudioVersion = 17.10.35027.167
MinimumVisualStudioVersion = 10.0.40219.1
Project("{FAE04EC0-301F-11D3-BF4B-00C04F79EFBC}") = "Ejercicio_4UI", "Ejercicio_4UI\Ejercicio_4UI.csproj", "{DF89B276-509C-491A-A425-F6E11810A3F4}"
EndProject
Global
	GlobalSection(SolutionConfigurationPlatforms) = preSolution
		Debug|Any CPU = Debug|Any CPU
		Release|Any CPU = Release|Any CPU
	EndGlobalSection
	GlobalSection(ProjectConfigurationPlatforms) = postSolution
		{DF89B276-509C-491A-A425-F6E11810A3F4}.Debug|Any CPU.ActiveCfg = Debug|Any CPU
		{DF89B276-509C-491A-A425-F6E11810A3F4}.Debug|Any CPU.Build.0 = Debug|Any CPU
		{DF89B276-509C-491A-A425-F6E11810A3F4}.Release|Any CPU.ActiveCfg = Release|Any CPU
		{DF89B276-509C-491A-A425-F6E11810A3F4}.Release|Any CPU.Build.0 = Release|Any CPU
	EndGlobalSection
	GlobalSection(SolutionProperties) = preSolution
		HideSolutionNode = FALSE
	EndGlobalSection
	GlobalSection(ExtensibilityGlobals) = postSolution
		SolutionGuid = {E5CA0A43-362A-40D4-A04F-0BAA30DB0C2F}
	EndGlobalSection
EndGlobal
